
Microsoft Visual Studio Solution File, Format Version 12.00
# Visual Studio Version 17
VisualStudioVersion = 17.5.002.0
MinimumVisualStudioVersion = 10.0.40219.1
Project("{9A19103F-16F7-4668-BE54-9A1E7A4F7556}") = "ProductAPI", "ProductAPI\ProductAPI.csproj", "{4D1BB07E-07D9-48A0-8FC7-B1E26C3FC9EA}"
EndProject
Project("{FAE04EC0-301F-11D3-BF4B-00C04F79EFBC}") = "ProductAPI.Tests", "ProductAPI.Tests\ProductAPI.Tests.csproj", "{0A264B89-5E71-4975-AA9C-0AABD655E69B}"
EndProject
Global
	GlobalSection(SolutionConfigurationPlatforms) = preSolution
		Debug|Any CPU = Debug|Any CPU
		Release|Any CPU = Release|Any CPU
	EndGlobalSection
	GlobalSection(ProjectConfigurationPlatforms) = postSolution
		{4D1BB07E-07D9-48A0-8FC7-B1E26C3FC9EA}.Debug|Any CPU.ActiveCfg = Debug|Any CPU
		{4D1BB07E-07D9-48A0-8FC7-B1E26C3FC9EA}.Debug|Any CPU.Build.0 = Debug|Any CPU
		{4D1BB07E-07D9-48A0-8FC7-B1E26C3FC9EA}.Release|Any CPU.ActiveCfg = Release|Any CPU
		{4D1BB07E-07D9-48A0-8FC7-B1E26C3FC9EA}.Release|Any CPU.Build.0 = Release|Any CPU
		{0A264B89-5E71-4975-AA9C-0AABD655E69B}.Debug|Any CPU.ActiveCfg = Debug|Any CPU
		{0A264B89-5E71-4975-AA9C-0AABD655E69B}.Debug|Any CPU.Build.0 = Debug|Any CPU
		{0A264B89-5E71-4975-AA9C-0AABD655E69B}.Release|Any CPU.ActiveCfg = Release|Any CPU
		{0A264B89-5E71-4975-AA9C-0AABD655E69B}.Release|Any CPU.Build.0 = Release|Any CPU
	EndGlobalSection
	GlobalSection(SolutionProperties) = preSolution
		HideSolutionNode = FALSE
	EndGlobalSection
	GlobalSection(ExtensibilityGlobals) = postSolution
		SolutionGuid = {D8743F6C-A815-4BD3-AB10-3D8D101871DB}
	EndGlobalSection
EndGlobal
